
Microsoft Visual Studio Solution File, Format Version 12.00
# Visual Studio Version 17
VisualStudioVersion = 17.11.35208.52
MinimumVisualStudioVersion = 10.0.40219.1
Project("{FAE04EC0-301F-11D3-BF4B-00C04F79EFBC}") = "SimpleDiscord", "SimpleDiscord\SimpleDiscord.csproj", "{EB054CE7-340F-4D6C-AFEE-A38DD33EE34B}"
EndProject
Global
	GlobalSection(SolutionConfigurationPlatforms) = preSolution
		Debug|Any CPU = Debug|Any CPU
		Release|Any CPU = Release|Any CPU
	EndGlobalSection
	GlobalSection(ProjectConfigurationPlatforms) = postSolution
		{EB054CE7-340F-4D6C-AFEE-A38DD33EE34B}.Debug|Any CPU.ActiveCfg = Debug|Any CPU
		{EB054CE7-340F-4D6C-AFEE-A38DD33EE34B}.Debug|Any CPU.Build.0 = Debug|Any CPU
		{EB054CE7-340F-4D6C-AFEE-A38DD33EE34B}.Release|Any CPU.ActiveCfg = Release|Any CPU
		{EB054CE7-340F-4D6C-AFEE-A38DD33EE34B}.Release|Any CPU.Build.0 = Release|Any CPU
	EndGlobalSection
	GlobalSection(SolutionProperties) = preSolution
		HideSolutionNode = FALSE
	EndGlobalSection
	GlobalSection(ExtensibilityGlobals) = postSolution
		SolutionGuid = {44D8F0C1-33FC-4DEC-8441-F0CFF783832C}
	EndGlobalSection
EndGlobal
